
Microsoft Visual Studio Solution File, Format Version 12.00
# Visual Studio Version 17
VisualStudioVersion = 17.7.34031.279
MinimumVisualStudioVersion = 10.0.40219.1
Project("{FAE04EC0-301F-11D3-BF4B-00C04F79EFBC}") = "CrudBookWeb", "CrudBookWeb\CrudBookWeb.csproj", "{0FC4CE84-4AFE-4459-BBF5-F38F94E95A1D}"
EndProject
Global
	GlobalSection(SolutionConfigurationPlatforms) = preSolution
		Debug|Any CPU = Debug|Any CPU
		Release|Any CPU = Release|Any CPU
	EndGlobalSection
	GlobalSection(ProjectConfigurationPlatforms) = postSolution
		{0FC4CE84-4AFE-4459-BBF5-F38F94E95A1D}.Debug|Any CPU.ActiveCfg = Debug|Any CPU
		{0FC4CE84-4AFE-4459-BBF5-F38F94E95A1D}.Debug|Any CPU.Build.0 = Debug|Any CPU
		{0FC4CE84-4AFE-4459-BBF5-F38F94E95A1D}.Release|Any CPU.ActiveCfg = Release|Any CPU
		{0FC4CE84-4AFE-4459-BBF5-F38F94E95A1D}.Release|Any CPU.Build.0 = Release|Any CPU
	EndGlobalSection
	GlobalSection(SolutionProperties) = preSolution
		HideSolutionNode = FALSE
	EndGlobalSection
	GlobalSection(ExtensibilityGlobals) = postSolution
		SolutionGuid = {81741C48-2964-4B7A-85B1-E4EE3A7B37B9}
	EndGlobalSection
EndGlobal
